
Microsoft Visual Studio Solution File, Format Version 12.00
# Visual Studio 14
VisualStudioVersion = 14.0.25420.1
MinimumVisualStudioVersion = 10.0.40219.1
Project("{FAE04EC0-301F-11D3-BF4B-00C04F79EFBC}") = "ShiftWise", "ShiftWise\ShiftWise.csproj", "{5DFA7D31-957E-46B3-B659-A317434A877A}"
EndProject
Project("{2150E333-8FDC-42A3-9474-1A3956D46DE8}") = "Solution Items", "Solution Items", "{F13AA5ED-D77C-4088-962B-276A49CD2282}"
	ProjectSection(SolutionItems) = preProject
		README.md = README.md
	EndProjectSection
EndProject
Project("{FAE04EC0-301F-11D3-BF4B-00C04F79EFBC}") = "ShiftWiseTests", "ShiftWiseTests\ShiftWiseTests.csproj", "{A4D0C20D-C68D-4708-B98E-6CCA3094A5B1}"
EndProject
Global
	GlobalSection(SolutionConfigurationPlatforms) = preSolution
		Debug|Any CPU = Debug|Any CPU
		Release|Any CPU = Release|Any CPU
	EndGlobalSection
	GlobalSection(ProjectConfigurationPlatforms) = postSolution
		{5DFA7D31-957E-46B3-B659-A317434A877A}.Debug|Any CPU.ActiveCfg = Debug|Any CPU
		{5DFA7D31-957E-46B3-B659-A317434A877A}.Debug|Any CPU.Build.0 = Debug|Any CPU
		{5DFA7D31-957E-46B3-B659-A317434A877A}.Release|Any CPU.ActiveCfg = Release|Any CPU
		{5DFA7D31-957E-46B3-B659-A317434A877A}.Release|Any CPU.Build.0 = Release|Any CPU
		{A4D0C20D-C68D-4708-B98E-6CCA3094A5B1}.Debug|Any CPU.ActiveCfg = Debug|Any CPU
		{A4D0C20D-C68D-4708-B98E-6CCA3094A5B1}.Debug|Any CPU.Build.0 = Debug|Any CPU
		{A4D0C20D-C68D-4708-B98E-6CCA3094A5B1}.Release|Any CPU.ActiveCfg = Release|Any CPU
		{A4D0C20D-C68D-4708-B98E-6CCA3094A5B1}.Release|Any CPU.Build.0 = Release|Any CPU
	EndGlobalSection
	GlobalSection(SolutionProperties) = preSolution
		HideSolutionNode = FALSE
	EndGlobalSection
EndGlobal
